
Microsoft Visual Studio Solution File, Format Version 12.00
# Visual Studio 14
VisualStudioVersion = 14.0.24720.0
MinimumVisualStudioVersion = 10.0.40219.1
Project("{8BC9CEB8-8B4A-11D0-8D11-00A0C91BC942}") = "MT1Q1a", "MT1Q1a\MT1Q1a.vcxproj", "{828442FD-30F3-44FF-BE29-6BC1C7373189}"
EndProject
Project("{8BC9CEB8-8B4A-11D0-8D11-00A0C91BC942}") = "MT1Q1b", "MT1Q1b\MT1Q1b.vcxproj", "{1EC473F3-6350-40B0-ACFD-891D3AFCE5B5}"
EndProject
Project("{8BC9CEB8-8B4A-11D0-8D11-00A0C91BC942}") = "MT1Q3", "MT1Q3\MT1Q3.vcxproj", "{6D0E788F-AB1D-4C75-B9A3-917E4A4C0AD3}"
EndProject
Project("{8BC9CEB8-8B4A-11D0-8D11-00A0C91BC942}") = "MT1Q5", "MT1Q5\MT1Q5.vcxproj", "{A9FA6511-CB69-447E-88E7-BC1218C08249}"
EndProject
Project("{8BC9CEB8-8B4A-11D0-8D11-00A0C91BC942}") = "MT1Q6", "MT1Q6\MT1Q6.vcxproj", "{C50E74C7-C692-41BD-AB36-AAFF38A652EA}"
EndProject
Project("{8BC9CEB8-8B4A-11D0-8D11-00A0C91BC942}") = "MT2Q3", "MT2Q3\MT2Q3.vcxproj", "{F894A81A-6751-46FC-9235-53AEF29608B4}"
EndProject
Project("{8BC9CEB8-8B4A-11D0-8D11-00A0C91BC942}") = "MT2Q4", "MT2Q4\MT2Q4.vcxproj", "{C03A1165-3296-4C7D-B97D-417CDC9588BE}"
EndProject
Project("{8BC9CEB8-8B4A-11D0-8D11-00A0C91BC942}") = "MT3Q2", "MT3Q2\MT3Q2.vcxproj", "{2444F771-099C-4287-BD43-C96949033C31}"
EndProject
Project("{8BC9CEB8-8B4A-11D0-8D11-00A0C91BC942}") = "MT3Q5", "MT3Q5\MT3Q5.vcxproj", "{A2B85772-7FBA-4F40-A1C0-97F069299B2D}"
EndProject
Project("{8BC9CEB8-8B4A-11D0-8D11-00A0C91BC942}") = "MT3Q7", "MT3Q7\MT3Q7.vcxproj", "{7E256C37-6152-45C3-B638-CF8842818CEF}"
EndProject
Project("{8BC9CEB8-8B4A-11D0-8D11-00A0C91BC942}") = "MT4Q1", "MT4Q1\MT4Q1.vcxproj", "{6CFF09F3-3645-41F4-83D6-A40E86D5202A}"
EndProject
Project("{8BC9CEB8-8B4A-11D0-8D11-00A0C91BC942}") = "MT4Q3", "MT4Q3\MT4Q3.vcxproj", "{20B4844A-F181-4AB0-93ED-82F7AECC80C9}"
EndProject
Project("{8BC9CEB8-8B4A-11D0-8D11-00A0C91BC942}") = "MT4Q5", "MT4Q5\MT4Q5.vcxproj", "{6043C412-1871-4BB8-85B3-36FEA16CC2BD}"
EndProject
Project("{8BC9CEB8-8B4A-11D0-8D11-00A0C91BC942}") = "MT1Q1c", "MT1Q1c\MT1Q1c.vcxproj", "{B2400D6F-3702-43C2-9034-B139606F0C5B}"
EndProject
Project("{8BC9CEB8-8B4A-11D0-8D11-00A0C91BC942}") = "MT5Q1", "MT5Q1\MT5Q1.vcxproj", "{58FE6954-2B82-42E0-AC23-341200147BA1}"
EndProject
Project("{8BC9CEB8-8B4A-11D0-8D11-00A0C91BC942}") = "MT5Q2", "MT5Q2\MT5Q2.vcxproj", "{15C99970-C246-4651-BFFF-1AC90BC15734}"
EndProject
Project("{8BC9CEB8-8B4A-11D0-8D11-00A0C91BC942}") = "MT5Q4", "MT5Q4\MT5Q4.vcxproj", "{AC740104-7351-4A0D-A1BA-96A936A4A2C4}"
EndProject
Project("{8BC9CEB8-8B4A-11D0-8D11-00A0C91BC942}") = "MT5Q5", "MT5Q5\MT5Q5.vcxproj", "{54EC87EC-60E5-448A-857C-22220023DB2F}"
EndProject
Global
	GlobalSection(SolutionConfigurationPlatforms) = preSolution
		Debug|x64 = Debug|x64
		Debug|x86 = Debug|x86
		Release|x64 = Release|x64
		Release|x86 = Release|x86
	EndGlobalSection
	GlobalSection(ProjectConfigurationPlatforms) = postSolution
		{828442FD-30F3-44FF-BE29-6BC1C7373189}.Debug|x64.ActiveCfg = Debug|x64
		{828442FD-30F3-44FF-BE29-6BC1C7373189}.Debug|x64.Build.0 = Debug|x64
		{828442FD-30F3-44FF-BE29-6BC1C7373189}.Debug|x86.ActiveCfg = Debug|Win32
		{828442FD-30F3-44FF-BE29-6BC1C7373189}.Debug|x86.Build.0 = Debug|Win32
		{828442FD-30F3-44FF-BE29-6BC1C7373189}.Release|x64.ActiveCfg = Release|x64
		{828442FD-30F3-44FF-BE29-6BC1C7373189}.Release|x64.Build.0 = Release|x64
		{828442FD-30F3-44FF-BE29-6BC1C7373189}.Release|x86.ActiveCfg = Release|Win32
		{828442FD-30F3-44FF-BE29-6BC1C7373189}.Release|x86.Build.0 = Release|Win32
		{1EC473F3-6350-40B0-ACFD-891D3AFCE5B5}.Debug|x64.ActiveCfg = Debug|x64
		{1EC473F3-6350-40B0-ACFD-891D3AFCE5B5}.Debug|x64.Build.0 = Debug|x64
		{1EC473F3-6350-40B0-ACFD-891D3AFCE5B5}.Debug|x86.ActiveCfg = Debug|Win32
		{1EC473F3-6350-40B0-ACFD-891D3AFCE5B5}.Debug|x86.Build.0 = Debug|Win32
		{1EC473F3-6350-40B0-ACFD-891D3AFCE5B5}.Release|x64.ActiveCfg = Release|x64
		{1EC473F3-6350-40B0-ACFD-891D3AFCE5B5}.Release|x64.Build.0 = Release|x64
		{1EC473F3-6350-40B0-ACFD-891D3AFCE5B5}.Release|x86.ActiveCfg = Release|Win32
		{1EC473F3-6350-40B0-ACFD-891D3AFCE5B5}.Release|x86.Build.0 = Release|Win32
		{6D0E788F-AB1D-4C75-B9A3-917E4A4C0AD3}.Debug|x64.ActiveCfg = Debug|x64
		{6D0E788F-AB1D-4C75-B9A3-917E4A4C0AD3}.Debug|x64.Build.0 = Debug|x64
		{6D0E788F-AB1D-4C75-B9A3-917E4A4C0AD3}.Debug|x86.ActiveCfg = Debug|Win32
		{6D0E788F-AB1D-4C75-B9A3-917E4A4C0AD3}.Debug|x86.Build.0 = Debug|Win32
		{6D0E788F-AB1D-4C75-B9A3-917E4A4C0AD3}.Release|x64.ActiveCfg = Release|x64
		{6D0E788F-AB1D-4C75-B9A3-917E4A4C0AD3}.Release|x64.Build.0 = Release|x64
		{6D0E788F-AB1D-4C75-B9A3-917E4A4C0AD3}.Release|x86.ActiveCfg = Release|Win32
		{6D0E788F-AB1D-4C75-B9A3-917E4A4C0AD3}.Release|x86.Build.0 = Release|Win32
		{A9FA6511-CB69-447E-88E7-BC1218C08249}.Debug|x64.ActiveCfg = Debug|x64
		{A9FA6511-CB69-447E-88E7-BC1218C08249}.Debug|x64.Build.0 = Debug|x64
		{A9FA6511-CB69-447E-88E7-BC1218C08249}.Debug|x86.ActiveCfg = Debug|Win32
		{A9FA6511-CB69-447E-88E7-BC1218C08249}.Debug|x86.Build.0 = Debug|Win32
		{A9FA6511-CB69-447E-88E7-BC1218C08249}.Release|x64.ActiveCfg = Release|x64
		{A9FA6511-CB69-447E-88E7-BC1218C08249}.Release|x64.Build.0 = Release|x64
		{A9FA6511-CB69-447E-88E7-BC1218C08249}.Release|x86.ActiveCfg = Release|Win32
		{A9FA6511-CB69-447E-88E7-BC1218C08249}.Release|x86.Build.0 = Release|Win32
		{C50E74C7-C692-41BD-AB36-AAFF38A652EA}.Debug|x64.ActiveCfg = Debug|x64
		{C50E74C7-C692-41BD-AB36-AAFF38A652EA}.Debug|x64.Build.0 = Debug|x64
		{C50E74C7-C692-41BD-AB36-AAFF38A652EA}.Debug|x86.ActiveCfg = Debug|Win32
		{C50E74C7-C692-41BD-AB36-AAFF38A652EA}.Debug|x86.Build.0 = Debug|Win32
		{C50E74C7-C692-41BD-AB36-AAFF38A652EA}.Release|x64.ActiveCfg = Release|x64
		{C50E74C7-C692-41BD-AB36-AAFF38A652EA}.Release|x64.Build.0 = Release|x64
		{C50E74C7-C692-41BD-AB36-AAFF38A652EA}.Release|x86.ActiveCfg = Release|Win32
		{C50E74C7-C692-41BD-AB36-AAFF38A652EA}.Release|x86.Build.0 = Release|Win32
		{F894A81A-6751-46FC-9235-53AEF29608B4}.Debug|x64.ActiveCfg = Debug|x64
		{F894A81A-6751-46FC-9235-53AEF29608B4}.Debug|x64.Build.0 = Debug|x64
		{F894A81A-6751-46FC-9235-53AEF29608B4}.Debug|x86.ActiveCfg = Debug|Win32
		{F894A81A-6751-46FC-9235-53AEF29608B4}.Debug|x86.Build.0 = Debug|Win32
		{F894A81A-6751-46FC-9235-53AEF29608B4}.Release|x64.ActiveCfg = Release|x64
		{F894A81A-6751-46FC-9235-53AEF29608B4}.Release|x64.Build.0 = Release|x64
		{F894A81A-6751-46FC-9235-53AEF29608B4}.Release|x86.ActiveCfg = Release|Win32
		{F894A81A-6751-46FC-9235-53AEF29608B4}.Release|x86.Build.0 = Release|Win32
		{C03A1165-3296-4C7D-B97D-417CDC9588BE}.Debug|x64.ActiveCfg = Debug|x64
		{C03A1165-3296-4C7D-B97D-417CDC9588BE}.Debug|x64.Build.0 = Debug|x64
		{C03A1165-3296-4C7D-B97D-417CDC9588BE}.Debug|x86.ActiveCfg = Debug|Win32
		{C03A1165-3296-4C7D-B97D-417CDC9588BE}.Debug|x86.Build.0 = Debug|Win32
		{C03A1165-3296-4C7D-B97D-417CDC9588BE}.Release|x64.ActiveCfg = Release|x64
		{C03A1165-3296-4C7D-B97D-417CDC9588BE}.Release|x64.Build.0 = Release|x64
		{C03A1165-3296-4C7D-B97D-417CDC9588BE}.Release|x86.ActiveCfg = Release|Win32
		{C03A1165-3296-4C7D-B97D-417CDC9588BE}.Release|x86.Build.0 = Release|Win32
		{2444F771-099C-4287-BD43-C96949033C31}.Debug|x64.ActiveCfg = Debug|x64
		{2444F771-099C-4287-BD43-C96949033C31}.Debug|x64.Build.0 = Debug|x64
		{2444F771-099C-4287-BD43-C96949033C31}.Debug|x86.ActiveCfg = Debug|Win32
		{2444F771-099C-4287-BD43-C96949033C31}.Debug|x86.Build.0 = Debug|Win32
		{2444F771-099C-4287-BD43-C96949033C31}.Release|x64.ActiveCfg = Release|x64
		{2444F771-099C-4287-BD43-C96949033C31}.Release|x64.Build.0 = Release|x64
		{2444F771-099C-4287-BD43-C96949033C31}.Release|x86.ActiveCfg = Release|Win32
		{2444F771-099C-4287-BD43-C96949033C31}.Release|x86.Build.0 = Release|Win32
		{A2B85772-7FBA-4F40-A1C0-97F069299B2D}.Debug|x64.ActiveCfg = Debug|x64
		{A2B85772-7FBA-4F40-A1C0-97F069299B2D}.Debug|x64.Build.0 = Debug|x64
		{A2B85772-7FBA-4F40-A1C0-97F069299B2D}.Debug|x86.ActiveCfg = Debug|Win32
		{A2B85772-7FBA-4F40-A1C0-97F069299B2D}.Debug|x86.Build.0 = Debug|Win32
		{A2B85772-7FBA-4F40-A1C0-97F069299B2D}.Release|x64.ActiveCfg = Release|x64
		{A2B85772-7FBA-4F40-A1C0-97F069299B2D}.Release|x64.Build.0 = Release|x64
		{A2B85772-7FBA-4F40-A1C0-97F069299B2D}.Release|x86.ActiveCfg = Release|Win32
		{A2B85772-7FBA-4F40-A1C0-97F069299B2D}.Release|x86.Build.0 = Release|Win32
		{7E256C37-6152-45C3-B638-CF8842818CEF}.Debug|x64.ActiveCfg = Debug|x64
		{7E256C37-6152-45C3-B638-CF8842818CEF}.Debug|x64.Build.0 = Debug|x64
		{7E256C37-6152-45C3-B638-CF8842818CEF}.Debug|x86.ActiveCfg = Debug|Win32
		{7E256C37-6152-45C3-B638-CF8842818CEF}.Debug|x86.Build.0 = Debug|Win32
		{7E256C37-6152-45C3-B638-CF8842818CEF}.Release|x64.ActiveCfg = Release|x64
		{7E256C37-6152-45C3-B638-CF8842818CEF}.Release|x64.Build.0 = Release|x64
		{7E256C37-6152-45C3-B638-CF8842818CEF}.Release|x86.ActiveCfg = Release|Win32
		{7E256C37-6152-45C3-B638-CF8842818CEF}.Release|x86.Build.0 = Release|Win32
		{6CFF09F3-3645-41F4-83D6-A40E86D5202A}.Debug|x64.ActiveCfg = Debug|x64
		{6CFF09F3-3645-41F4-83D6-A40E86D5202A}.Debug|x64.Build.0 = Debug|x64
		{6CFF09F3-3645-41F4-83D6-A40E86D5202A}.Debug|x86.ActiveCfg = Debug|Win32
		{6CFF09F3-3645-41F4-83D6-A40E86D5202A}.Debug|x86.Build.0 = Debug|Win32
		{6CFF09F3-3645-41F4-83D6-A40E86D5202A}.Release|x64.ActiveCfg = Release|x64
		{6CFF09F3-3645-41F4-83D6-A40E86D5202A}.Release|x64.Build.0 = Release|x64
		{6CFF09F3-3645-41F4-83D6-A40E86D5202A}.Release|x86.ActiveCfg = Release|Win32
		{6CFF09F3-3645-41F4-83D6-A40E86D5202A}.Release|x86.Build.0 = Release|Win32
		{20B4844A-F181-4AB0-93ED-82F7AECC80C9}.Debug|x64.ActiveCfg = Debug|x64
		{20B4844A-F181-4AB0-93ED-82F7AECC80C9}.Debug|x64.Build.0 = Debug|x64
		{20B4844A-F181-4AB0-93ED-82F7AECC80C9}.Debug|x86.ActiveCfg = Debug|Win32
		{20B4844A-F181-4AB0-93ED-82F7AECC80C9}.Debug|x86.Build.0 = Debug|Win32
		{20B4844A-F181-4AB0-93ED-82F7AECC80C9}.Release|x64.ActiveCfg = Release|x64
		{20B4844A-F181-4AB0-93ED-82F7AECC80C9}.Release|x64.Build.0 = Release|x64
		{20B4844A-F181-4AB0-93ED-82F7AECC80C9}.Release|x86.ActiveCfg = Release|Win32
		{20B4844A-F181-4AB0-93ED-82F7AECC80C9}.Release|x86.Build.0 = Release|Win32
		{6043C412-1871-4BB8-85B3-36FEA16CC2BD}.Debug|x64.ActiveCfg = Debug|x64
		{6043C412-1871-4BB8-85B3-36FEA16CC2BD}.Debug|x64.Build.0 = Debug|x64
		{6043C412-1871-4BB8-85B3-36FEA16CC2BD}.Debug|x86.ActiveCfg = Debug|Win32
		{6043C412-1871-4BB8-85B3-36FEA16CC2BD}.Debug|x86.Build.0 = Debug|Win32
		{6043C412-1871-4BB8-85B3-36FEA16CC2BD}.Release|x64.ActiveCfg = Release|x64
		{6043C412-1871-4BB8-85B3-36FEA16CC2BD}.Release|x64.Build.0 = Release|x64
		{6043C412-1871-4BB8-85B3-36FEA16CC2BD}.Release|x86.ActiveCfg = Release|Win32
		{6043C412-1871-4BB8-85B3-36FEA16CC2BD}.Release|x86.Build.0 = Release|Win32
		{B2400D6F-3702-43C2-9034-B139606F0C5B}.Debug|x64.ActiveCfg = Debug|x64
		{B2400D6F-3702-43C2-9034-B139606F0C5B}.Debug|x64.Build.0 = Debug|x64
		{B2400D6F-3702-43C2-9034-B139606F0C5B}.Debug|x86.ActiveCfg = Debug|Win32
		{B2400D6F-3702-43C2-9034-B139606F0C5B}.Debug|x86.Build.0 = Debug|Win32
		{B2400D6F-3702-43C2-9034-B139606F0C5B}.Release|x64.ActiveCfg = Release|x64
		{B2400D6F-3702-43C2-9034-B139606F0C5B}.Release|x64.Build.0 = Release|x64
		{B2400D6F-3702-43C2-9034-B139606F0C5B}.Release|x86.ActiveCfg = Release|Win32
		{B2400D6F-3702-43C2-9034-B139606F0C5B}.Release|x86.Build.0 = Release|Win32
		{58FE6954-2B82-42E0-AC23-341200147BA1}.Debug|x64.ActiveCfg = Debug|x64
		{58FE6954-2B82-42E0-AC23-341200147BA1}.Debug|x64.Build.0 = Debug|x64
		{58FE6954-2B82-42E0-AC23-341200147BA1}.Debug|x86.ActiveCfg = Debug|Win32
		{58FE6954-2B82-42E0-AC23-341200147BA1}.Debug|x86.Build.0 = Debug|Win32
		{58FE6954-2B82-42E0-AC23-341200147BA1}.Release|x64.ActiveCfg = Release|x64
		{58FE6954-2B82-42E0-AC23-341200147BA1}.Release|x64.Build.0 = Release|x64
		{58FE6954-2B82-42E0-AC23-341200147BA1}.Release|x86.ActiveCfg = Release|Win32
		{58FE6954-2B82-42E0-AC23-341200147BA1}.Release|x86.Build.0 = Release|Win32
		{15C99970-C246-4651-BFFF-1AC90BC15734}.Debug|x64.ActiveCfg = Debug|x64
		{15C99970-C246-4651-BFFF-1AC90BC15734}.Debug|x64.Build.0 = Debug|x64
		{15C99970-C246-4651-BFFF-1AC90BC15734}.Debug|x86.ActiveCfg = Debug|Win32
		{15C99970-C246-4651-BFFF-1AC90BC15734}.Debug|x86.Build.0 = Debug|Win32
		{15C99970-C246-4651-BFFF-1AC90BC15734}.Release|x64.ActiveCfg = Release|x64
		{15C99970-C246-4651-BFFF-1AC90BC15734}.Release|x64.Build.0 = Release|x64
		{15C99970-C246-4651-BFFF-1AC90BC15734}.Release|x86.ActiveCfg = Release|Win32
		{15C99970-C246-4651-BFFF-1AC90BC15734}.Release|x86.Build.0 = Release|Win32
		{AC740104-7351-4A0D-A1BA-96A936A4A2C4}.Debug|x64.ActiveCfg = Debug|x64
		{AC740104-7351-4A0D-A1BA-96A936A4A2C4}.Debug|x64.Build.0 = Debug|x64
		{AC740104-7351-4A0D-A1BA-96A936A4A2C4}.Debug|x86.ActiveCfg = Debug|Win32
		{AC740104-7351-4A0D-A1BA-96A936A4A2C4}.Debug|x86.Build.0 = Debug|Win32
		{AC740104-7351-4A0D-A1BA-96A936A4A2C4}.Release|x64.ActiveCfg = Release|x64
		{AC740104-7351-4A0D-A1BA-96A936A4A2C4}.Release|x64.Build.0 = Release|x64
		{AC740104-7351-4A0D-A1BA-96A936A4A2C4}.Release|x86.ActiveCfg = Release|Win32
		{AC740104-7351-4A0D-A1BA-96A936A4A2C4}.Release|x86.Build.0 = Release|Win32
		{54EC87EC-60E5-448A-857C-22220023DB2F}.Debug|x64.ActiveCfg = Debug|x64
		{54EC87EC-60E5-448A-857C-22220023DB2F}.Debug|x64.Build.0 = Debug|x64
		{54EC87EC-60E5-448A-857C-22220023DB2F}.Debug|x86.ActiveCfg = Debug|Win32
		{54EC87EC-60E5-448A-857C-22220023DB2F}.Debug|x86.Build.0 = Debug|Win32
		{54EC87EC-60E5-448A-857C-22220023DB2F}.Release|x64.ActiveCfg = Release|x64
		{54EC87EC-60E5-448A-857C-22220023DB2F}.Release|x64.Build.0 = Release|x64
		{54EC87EC-60E5-448A-857C-22220023DB2F}.Release|x86.ActiveCfg = Release|Win32
		{54EC87EC-60E5-448A-857C-22220023DB2F}.Release|x86.Build.0 = Release|Win32
	EndGlobalSection
	GlobalSection(SolutionProperties) = preSolution
		HideSolutionNode = FALSE
	EndGlobalSection
EndGlobal
