
Microsoft Visual Studio Solution File, Format Version 12.00
# Visual Studio 14
VisualStudioVersion = 14.0.25420.1
MinimumVisualStudioVersion = 10.0.40219.1
Project("{8BC9CEB8-8B4A-11D0-8D11-00A0C91BC942}") = "MT1Q3", "MT1Q3\MT1Q3.vcxproj", "{6213ED15-F79E-4B69-89DC-245DAD82ACDE}"
EndProject
Project("{8BC9CEB8-8B4A-11D0-8D11-00A0C91BC942}") = "MT1Q7", "MT1Q7\MT1Q7.vcxproj", "{B60B3870-DC00-46D0-BAC1-188ECC3EDFDA}"
EndProject
Project("{8BC9CEB8-8B4A-11D0-8D11-00A0C91BC942}") = "MT2Q4", "MT2Q4\MT2Q4.vcxproj", "{1CC0C0CA-576F-43CC-868A-E016D1AB810C}"
EndProject
Project("{8BC9CEB8-8B4A-11D0-8D11-00A0C91BC942}") = "MT1Q5", "MT1Q5\MT1Q5.vcxproj", "{8C44D2F0-F65F-4F18-9511-B343D98AC5E4}"
EndProject
Project("{8BC9CEB8-8B4A-11D0-8D11-00A0C91BC942}") = "Cpp11-BlockingQueue", "Cpp11-BlockingQueue\Cpp11-BlockingQueue.vcxproj", "{9EFC55B0-E8E8-443D-920F-C09D0AF54185}"
EndProject
Project("{8BC9CEB8-8B4A-11D0-8D11-00A0C91BC942}") = "MT2Q7b", "MT2Q7b\MT2Q7b.vcxproj", "{BBB5CAEB-9B1A-4B83-A564-4DA996B8927B}"
EndProject
Project("{8BC9CEB8-8B4A-11D0-8D11-00A0C91BC942}") = "MT2Q7a", "MT2Q7a\MT2Q7a.vcxproj", "{74E90A3A-3844-4844-A3B4-5D014E088D35}"
EndProject
Project("{8BC9CEB8-8B4A-11D0-8D11-00A0C91BC942}") = "MT3Q4", "MT3Q4\MT3Q4.vcxproj", "{0E29FC35-A090-436B-A2E0-2116DA2B58F1}"
EndProject
Project("{8BC9CEB8-8B4A-11D0-8D11-00A0C91BC942}") = "MT3Q7", "MT3Q7\MT3Q7.vcxproj", "{FD8F2E00-4A00-48BE-AA04-0C10FBCBB7FF}"
EndProject
Project("{8BC9CEB8-8B4A-11D0-8D11-00A0C91BC942}") = "MT4Q5", "MT4Q5\MT4Q5.vcxproj", "{5112037C-0D69-43A5-A07F-B3691306FBFD}"
EndProject
Project("{8BC9CEB8-8B4A-11D0-8D11-00A0C91BC942}") = "MT4Q7", "MT4Q7\MT4Q7.vcxproj", "{502FD0EB-95FC-45A7-AC61-5ACC4078B261}"
EndProject
Project("{8BC9CEB8-8B4A-11D0-8D11-00A0C91BC942}") = "MT3Q4a", "MT3Q4a\MT3Q4a.vcxproj", "{1F9BFB48-0F34-43B7-965A-D6526229E75A}"
EndProject
Project("{8BC9CEB8-8B4A-11D0-8D11-00A0C91BC942}") = "MT3Q4b", "MT3Q4b\MT3Q4b.vcxproj", "{2D1BAA17-2BEC-4286-BBC7-9160133DEC36}"
EndProject
Project("{8BC9CEB8-8B4A-11D0-8D11-00A0C91BC942}") = "MT2Q4b", "MT2Q4b\MT2Q4b.vcxproj", "{EA601B00-3A31-4268-8EC7-210A509651EE}"
EndProject
Global
	GlobalSection(SolutionConfigurationPlatforms) = preSolution
		Debug|x64 = Debug|x64
		Debug|x86 = Debug|x86
		Release|x64 = Release|x64
		Release|x86 = Release|x86
	EndGlobalSection
	GlobalSection(ProjectConfigurationPlatforms) = postSolution
		{6213ED15-F79E-4B69-89DC-245DAD82ACDE}.Debug|x64.ActiveCfg = Debug|x64
		{6213ED15-F79E-4B69-89DC-245DAD82ACDE}.Debug|x64.Build.0 = Debug|x64
		{6213ED15-F79E-4B69-89DC-245DAD82ACDE}.Debug|x86.ActiveCfg = Debug|Win32
		{6213ED15-F79E-4B69-89DC-245DAD82ACDE}.Debug|x86.Build.0 = Debug|Win32
		{6213ED15-F79E-4B69-89DC-245DAD82ACDE}.Release|x64.ActiveCfg = Release|x64
		{6213ED15-F79E-4B69-89DC-245DAD82ACDE}.Release|x64.Build.0 = Release|x64
		{6213ED15-F79E-4B69-89DC-245DAD82ACDE}.Release|x86.ActiveCfg = Release|Win32
		{6213ED15-F79E-4B69-89DC-245DAD82ACDE}.Release|x86.Build.0 = Release|Win32
		{B60B3870-DC00-46D0-BAC1-188ECC3EDFDA}.Debug|x64.ActiveCfg = Debug|x64
		{B60B3870-DC00-46D0-BAC1-188ECC3EDFDA}.Debug|x64.Build.0 = Debug|x64
		{B60B3870-DC00-46D0-BAC1-188ECC3EDFDA}.Debug|x86.ActiveCfg = Debug|Win32
		{B60B3870-DC00-46D0-BAC1-188ECC3EDFDA}.Debug|x86.Build.0 = Debug|Win32
		{B60B3870-DC00-46D0-BAC1-188ECC3EDFDA}.Release|x64.ActiveCfg = Release|x64
		{B60B3870-DC00-46D0-BAC1-188ECC3EDFDA}.Release|x64.Build.0 = Release|x64
		{B60B3870-DC00-46D0-BAC1-188ECC3EDFDA}.Release|x86.ActiveCfg = Release|Win32
		{B60B3870-DC00-46D0-BAC1-188ECC3EDFDA}.Release|x86.Build.0 = Release|Win32
		{1CC0C0CA-576F-43CC-868A-E016D1AB810C}.Debug|x64.ActiveCfg = Debug|x64
		{1CC0C0CA-576F-43CC-868A-E016D1AB810C}.Debug|x64.Build.0 = Debug|x64
		{1CC0C0CA-576F-43CC-868A-E016D1AB810C}.Debug|x86.ActiveCfg = Debug|Win32
		{1CC0C0CA-576F-43CC-868A-E016D1AB810C}.Debug|x86.Build.0 = Debug|Win32
		{1CC0C0CA-576F-43CC-868A-E016D1AB810C}.Release|x64.ActiveCfg = Release|x64
		{1CC0C0CA-576F-43CC-868A-E016D1AB810C}.Release|x64.Build.0 = Release|x64
		{1CC0C0CA-576F-43CC-868A-E016D1AB810C}.Release|x86.ActiveCfg = Release|Win32
		{1CC0C0CA-576F-43CC-868A-E016D1AB810C}.Release|x86.Build.0 = Release|Win32
		{8C44D2F0-F65F-4F18-9511-B343D98AC5E4}.Debug|x64.ActiveCfg = Debug|x64
		{8C44D2F0-F65F-4F18-9511-B343D98AC5E4}.Debug|x64.Build.0 = Debug|x64
		{8C44D2F0-F65F-4F18-9511-B343D98AC5E4}.Debug|x86.ActiveCfg = Debug|Win32
		{8C44D2F0-F65F-4F18-9511-B343D98AC5E4}.Debug|x86.Build.0 = Debug|Win32
		{8C44D2F0-F65F-4F18-9511-B343D98AC5E4}.Release|x64.ActiveCfg = Release|x64
		{8C44D2F0-F65F-4F18-9511-B343D98AC5E4}.Release|x64.Build.0 = Release|x64
		{8C44D2F0-F65F-4F18-9511-B343D98AC5E4}.Release|x86.ActiveCfg = Release|Win32
		{8C44D2F0-F65F-4F18-9511-B343D98AC5E4}.Release|x86.Build.0 = Release|Win32
		{9EFC55B0-E8E8-443D-920F-C09D0AF54185}.Debug|x64.ActiveCfg = Debug|x64
		{9EFC55B0-E8E8-443D-920F-C09D0AF54185}.Debug|x64.Build.0 = Debug|x64
		{9EFC55B0-E8E8-443D-920F-C09D0AF54185}.Debug|x86.ActiveCfg = Debug|Win32
		{9EFC55B0-E8E8-443D-920F-C09D0AF54185}.Debug|x86.Build.0 = Debug|Win32
		{9EFC55B0-E8E8-443D-920F-C09D0AF54185}.Release|x64.ActiveCfg = Release|x64
		{9EFC55B0-E8E8-443D-920F-C09D0AF54185}.Release|x64.Build.0 = Release|x64
		{9EFC55B0-E8E8-443D-920F-C09D0AF54185}.Release|x86.ActiveCfg = Release|Win32
		{9EFC55B0-E8E8-443D-920F-C09D0AF54185}.Release|x86.Build.0 = Release|Win32
		{BBB5CAEB-9B1A-4B83-A564-4DA996B8927B}.Debug|x64.ActiveCfg = Debug|x64
		{BBB5CAEB-9B1A-4B83-A564-4DA996B8927B}.Debug|x64.Build.0 = Debug|x64
		{BBB5CAEB-9B1A-4B83-A564-4DA996B8927B}.Debug|x86.ActiveCfg = Debug|Win32
		{BBB5CAEB-9B1A-4B83-A564-4DA996B8927B}.Debug|x86.Build.0 = Debug|Win32
		{BBB5CAEB-9B1A-4B83-A564-4DA996B8927B}.Release|x64.ActiveCfg = Release|x64
		{BBB5CAEB-9B1A-4B83-A564-4DA996B8927B}.Release|x64.Build.0 = Release|x64
		{BBB5CAEB-9B1A-4B83-A564-4DA996B8927B}.Release|x86.ActiveCfg = Release|Win32
		{BBB5CAEB-9B1A-4B83-A564-4DA996B8927B}.Release|x86.Build.0 = Release|Win32
		{74E90A3A-3844-4844-A3B4-5D014E088D35}.Debug|x64.ActiveCfg = Debug|x64
		{74E90A3A-3844-4844-A3B4-5D014E088D35}.Debug|x64.Build.0 = Debug|x64
		{74E90A3A-3844-4844-A3B4-5D014E088D35}.Debug|x86.ActiveCfg = Debug|Win32
		{74E90A3A-3844-4844-A3B4-5D014E088D35}.Debug|x86.Build.0 = Debug|Win32
		{74E90A3A-3844-4844-A3B4-5D014E088D35}.Release|x64.ActiveCfg = Release|x64
		{74E90A3A-3844-4844-A3B4-5D014E088D35}.Release|x64.Build.0 = Release|x64
		{74E90A3A-3844-4844-A3B4-5D014E088D35}.Release|x86.ActiveCfg = Release|Win32
		{74E90A3A-3844-4844-A3B4-5D014E088D35}.Release|x86.Build.0 = Release|Win32
		{0E29FC35-A090-436B-A2E0-2116DA2B58F1}.Debug|x64.ActiveCfg = Debug|x64
		{0E29FC35-A090-436B-A2E0-2116DA2B58F1}.Debug|x64.Build.0 = Debug|x64
		{0E29FC35-A090-436B-A2E0-2116DA2B58F1}.Debug|x86.ActiveCfg = Debug|Win32
		{0E29FC35-A090-436B-A2E0-2116DA2B58F1}.Debug|x86.Build.0 = Debug|Win32
		{0E29FC35-A090-436B-A2E0-2116DA2B58F1}.Release|x64.ActiveCfg = Release|x64
		{0E29FC35-A090-436B-A2E0-2116DA2B58F1}.Release|x64.Build.0 = Release|x64
		{0E29FC35-A090-436B-A2E0-2116DA2B58F1}.Release|x86.ActiveCfg = Release|Win32
		{0E29FC35-A090-436B-A2E0-2116DA2B58F1}.Release|x86.Build.0 = Release|Win32
		{FD8F2E00-4A00-48BE-AA04-0C10FBCBB7FF}.Debug|x64.ActiveCfg = Debug|x64
		{FD8F2E00-4A00-48BE-AA04-0C10FBCBB7FF}.Debug|x64.Build.0 = Debug|x64
		{FD8F2E00-4A00-48BE-AA04-0C10FBCBB7FF}.Debug|x86.ActiveCfg = Debug|Win32
		{FD8F2E00-4A00-48BE-AA04-0C10FBCBB7FF}.Debug|x86.Build.0 = Debug|Win32
		{FD8F2E00-4A00-48BE-AA04-0C10FBCBB7FF}.Release|x64.ActiveCfg = Release|x64
		{FD8F2E00-4A00-48BE-AA04-0C10FBCBB7FF}.Release|x64.Build.0 = Release|x64
		{FD8F2E00-4A00-48BE-AA04-0C10FBCBB7FF}.Release|x86.ActiveCfg = Release|Win32
		{FD8F2E00-4A00-48BE-AA04-0C10FBCBB7FF}.Release|x86.Build.0 = Release|Win32
		{5112037C-0D69-43A5-A07F-B3691306FBFD}.Debug|x64.ActiveCfg = Debug|x64
		{5112037C-0D69-43A5-A07F-B3691306FBFD}.Debug|x64.Build.0 = Debug|x64
		{5112037C-0D69-43A5-A07F-B3691306FBFD}.Debug|x86.ActiveCfg = Debug|Win32
		{5112037C-0D69-43A5-A07F-B3691306FBFD}.Debug|x86.Build.0 = Debug|Win32
		{5112037C-0D69-43A5-A07F-B3691306FBFD}.Release|x64.ActiveCfg = Release|x64
		{5112037C-0D69-43A5-A07F-B3691306FBFD}.Release|x64.Build.0 = Release|x64
		{5112037C-0D69-43A5-A07F-B3691306FBFD}.Release|x86.ActiveCfg = Release|Win32
		{5112037C-0D69-43A5-A07F-B3691306FBFD}.Release|x86.Build.0 = Release|Win32
		{502FD0EB-95FC-45A7-AC61-5ACC4078B261}.Debug|x64.ActiveCfg = Debug|x64
		{502FD0EB-95FC-45A7-AC61-5ACC4078B261}.Debug|x64.Build.0 = Debug|x64
		{502FD0EB-95FC-45A7-AC61-5ACC4078B261}.Debug|x86.ActiveCfg = Debug|Win32
		{502FD0EB-95FC-45A7-AC61-5ACC4078B261}.Debug|x86.Build.0 = Debug|Win32
		{502FD0EB-95FC-45A7-AC61-5ACC4078B261}.Release|x64.ActiveCfg = Release|x64
		{502FD0EB-95FC-45A7-AC61-5ACC4078B261}.Release|x64.Build.0 = Release|x64
		{502FD0EB-95FC-45A7-AC61-5ACC4078B261}.Release|x86.ActiveCfg = Release|Win32
		{502FD0EB-95FC-45A7-AC61-5ACC4078B261}.Release|x86.Build.0 = Release|Win32
		{1F9BFB48-0F34-43B7-965A-D6526229E75A}.Debug|x64.ActiveCfg = Debug|x64
		{1F9BFB48-0F34-43B7-965A-D6526229E75A}.Debug|x64.Build.0 = Debug|x64
		{1F9BFB48-0F34-43B7-965A-D6526229E75A}.Debug|x86.ActiveCfg = Debug|Win32
		{1F9BFB48-0F34-43B7-965A-D6526229E75A}.Debug|x86.Build.0 = Debug|Win32
		{1F9BFB48-0F34-43B7-965A-D6526229E75A}.Release|x64.ActiveCfg = Release|x64
		{1F9BFB48-0F34-43B7-965A-D6526229E75A}.Release|x64.Build.0 = Release|x64
		{1F9BFB48-0F34-43B7-965A-D6526229E75A}.Release|x86.ActiveCfg = Release|Win32
		{1F9BFB48-0F34-43B7-965A-D6526229E75A}.Release|x86.Build.0 = Release|Win32
		{2D1BAA17-2BEC-4286-BBC7-9160133DEC36}.Debug|x64.ActiveCfg = Debug|x64
		{2D1BAA17-2BEC-4286-BBC7-9160133DEC36}.Debug|x64.Build.0 = Debug|x64
		{2D1BAA17-2BEC-4286-BBC7-9160133DEC36}.Debug|x86.ActiveCfg = Debug|Win32
		{2D1BAA17-2BEC-4286-BBC7-9160133DEC36}.Debug|x86.Build.0 = Debug|Win32
		{2D1BAA17-2BEC-4286-BBC7-9160133DEC36}.Release|x64.ActiveCfg = Release|x64
		{2D1BAA17-2BEC-4286-BBC7-9160133DEC36}.Release|x64.Build.0 = Release|x64
		{2D1BAA17-2BEC-4286-BBC7-9160133DEC36}.Release|x86.ActiveCfg = Release|Win32
		{2D1BAA17-2BEC-4286-BBC7-9160133DEC36}.Release|x86.Build.0 = Release|Win32
		{EA601B00-3A31-4268-8EC7-210A509651EE}.Debug|x64.ActiveCfg = Debug|x64
		{EA601B00-3A31-4268-8EC7-210A509651EE}.Debug|x64.Build.0 = Debug|x64
		{EA601B00-3A31-4268-8EC7-210A509651EE}.Debug|x86.ActiveCfg = Debug|Win32
		{EA601B00-3A31-4268-8EC7-210A509651EE}.Debug|x86.Build.0 = Debug|Win32
		{EA601B00-3A31-4268-8EC7-210A509651EE}.Release|x64.ActiveCfg = Release|x64
		{EA601B00-3A31-4268-8EC7-210A509651EE}.Release|x64.Build.0 = Release|x64
		{EA601B00-3A31-4268-8EC7-210A509651EE}.Release|x86.ActiveCfg = Release|Win32
		{EA601B00-3A31-4268-8EC7-210A509651EE}.Release|x86.Build.0 = Release|Win32
	EndGlobalSection
	GlobalSection(SolutionProperties) = preSolution
		HideSolutionNode = FALSE
	EndGlobalSection
EndGlobal
